
Microsoft Visual Studio Solution File, Format Version 12.00
# Visual Studio Version 16
VisualStudioVersion = 16.0.29519.87
MinimumVisualStudioVersion = 10.0.40219.1
Project("{FAE04EC0-301F-11D3-BF4B-00C04F79EFBC}") = "OdeToFood.Web", "OdeToFood.Web\OdeToFood.Web.csproj", "{425F5D51-738D-4D8C-B408-9F8725BFA7A7}"
EndProject
Project("{FAE04EC0-301F-11D3-BF4B-00C04F79EFBC}") = "OdeToFood.Data", "OdeToFood.Data\OdeToFood.Data.csproj", "{CB78DD6F-5836-40BD-8D81-0337DF4A1320}"
EndProject
Global
	GlobalSection(SolutionConfigurationPlatforms) = preSolution
		Debug|Any CPU = Debug|Any CPU
		Release|Any CPU = Release|Any CPU
	EndGlobalSection
	GlobalSection(ProjectConfigurationPlatforms) = postSolution
		{425F5D51-738D-4D8C-B408-9F8725BFA7A7}.Debug|Any CPU.ActiveCfg = Debug|Any CPU
		{425F5D51-738D-4D8C-B408-9F8725BFA7A7}.Debug|Any CPU.Build.0 = Debug|Any CPU
		{425F5D51-738D-4D8C-B408-9F8725BFA7A7}.Release|Any CPU.ActiveCfg = Release|Any CPU
		{425F5D51-738D-4D8C-B408-9F8725BFA7A7}.Release|Any CPU.Build.0 = Release|Any CPU
		{CB78DD6F-5836-40BD-8D81-0337DF4A1320}.Debug|Any CPU.ActiveCfg = Debug|Any CPU
		{CB78DD6F-5836-40BD-8D81-0337DF4A1320}.Debug|Any CPU.Build.0 = Debug|Any CPU
		{CB78DD6F-5836-40BD-8D81-0337DF4A1320}.Release|Any CPU.ActiveCfg = Release|Any CPU
		{CB78DD6F-5836-40BD-8D81-0337DF4A1320}.Release|Any CPU.Build.0 = Release|Any CPU
	EndGlobalSection
	GlobalSection(SolutionProperties) = preSolution
		HideSolutionNode = FALSE
	EndGlobalSection
	GlobalSection(ExtensibilityGlobals) = postSolution
		SolutionGuid = {62E43365-7415-4772-AA1D-83EF8B827FF0}
	EndGlobalSection
EndGlobal
